
Microsoft Visual Studio Solution File, Format Version 12.00
# Visual Studio Version 17
VisualStudioVersion = 17.5.33530.505
MinimumVisualStudioVersion = 10.0.40219.1
Project("{FAE04EC0-301F-11D3-BF4B-00C04F79EFBC}") = "Booklib", "Booklib\Booklib.csproj", "{BEB186F0-A454-407C-999D-FA95C5F011AB}"
EndProject
Project("{FAE04EC0-301F-11D3-BF4B-00C04F79EFBC}") = "BooklibTests", "BooklibTests\BooklibTests.csproj", "{204FE488-DB62-44DD-AE44-F5844D063D8F}"
EndProject
Global
	GlobalSection(SolutionConfigurationPlatforms) = preSolution
		Debug|Any CPU = Debug|Any CPU
		Release|Any CPU = Release|Any CPU
	EndGlobalSection
	GlobalSection(ProjectConfigurationPlatforms) = postSolution
		{BEB186F0-A454-407C-999D-FA95C5F011AB}.Debug|Any CPU.ActiveCfg = Debug|Any CPU
		{BEB186F0-A454-407C-999D-FA95C5F011AB}.Debug|Any CPU.Build.0 = Debug|Any CPU
		{BEB186F0-A454-407C-999D-FA95C5F011AB}.Release|Any CPU.ActiveCfg = Release|Any CPU
		{BEB186F0-A454-407C-999D-FA95C5F011AB}.Release|Any CPU.Build.0 = Release|Any CPU
		{204FE488-DB62-44DD-AE44-F5844D063D8F}.Debug|Any CPU.ActiveCfg = Debug|Any CPU
		{204FE488-DB62-44DD-AE44-F5844D063D8F}.Debug|Any CPU.Build.0 = Debug|Any CPU
		{204FE488-DB62-44DD-AE44-F5844D063D8F}.Release|Any CPU.ActiveCfg = Release|Any CPU
		{204FE488-DB62-44DD-AE44-F5844D063D8F}.Release|Any CPU.Build.0 = Release|Any CPU
	EndGlobalSection
	GlobalSection(SolutionProperties) = preSolution
		HideSolutionNode = FALSE
	EndGlobalSection
	GlobalSection(ExtensibilityGlobals) = postSolution
		SolutionGuid = {BE67029B-1624-4161-9DC5-B0DE31176691}
	EndGlobalSection
EndGlobal
